
Microsoft Visual Studio Solution File, Format Version 12.00
# Visual Studio Version 17
VisualStudioVersion = 17.12.35527.113 d17.12
MinimumVisualStudioVersion = 10.0.40219.1
Project("{FAE04EC0-301F-11D3-BF4B-00C04F79EFBC}") = "Web.Api", "Web.Api\Web.Api.csproj", "{3C0E6147-5607-46D5-BD5F-FF37B1EB1731}"
EndProject
Project("{FAE04EC0-301F-11D3-BF4B-00C04F79EFBC}") = "Domain", "Domain\Domain.csproj", "{DA25DEC4-5D20-4CC1-AFA5-3B93B20671F4}"
EndProject
Project("{FAE04EC0-301F-11D3-BF4B-00C04F79EFBC}") = "Application", "Application\Application.csproj", "{C444D192-489C-4099-842A-5FFDE8044E81}"
EndProject
Project("{FAE04EC0-301F-11D3-BF4B-00C04F79EFBC}") = "Infrastructure", "Infrastructure\Infrastructure.csproj", "{E03CD08F-2222-443A-BBE7-FF00EDE908A7}"
EndProject
Global
	GlobalSection(SolutionConfigurationPlatforms) = preSolution
		Debug|Any CPU = Debug|Any CPU
		Release|Any CPU = Release|Any CPU
	EndGlobalSection
	GlobalSection(ProjectConfigurationPlatforms) = postSolution
		{3C0E6147-5607-46D5-BD5F-FF37B1EB1731}.Debug|Any CPU.ActiveCfg = Debug|Any CPU
		{3C0E6147-5607-46D5-BD5F-FF37B1EB1731}.Debug|Any CPU.Build.0 = Debug|Any CPU
		{3C0E6147-5607-46D5-BD5F-FF37B1EB1731}.Release|Any CPU.ActiveCfg = Release|Any CPU
		{3C0E6147-5607-46D5-BD5F-FF37B1EB1731}.Release|Any CPU.Build.0 = Release|Any CPU
		{DA25DEC4-5D20-4CC1-AFA5-3B93B20671F4}.Debug|Any CPU.ActiveCfg = Debug|Any CPU
		{DA25DEC4-5D20-4CC1-AFA5-3B93B20671F4}.Debug|Any CPU.Build.0 = Debug|Any CPU
		{DA25DEC4-5D20-4CC1-AFA5-3B93B20671F4}.Release|Any CPU.ActiveCfg = Release|Any CPU
		{DA25DEC4-5D20-4CC1-AFA5-3B93B20671F4}.Release|Any CPU.Build.0 = Release|Any CPU
		{C444D192-489C-4099-842A-5FFDE8044E81}.Debug|Any CPU.ActiveCfg = Debug|Any CPU
		{C444D192-489C-4099-842A-5FFDE8044E81}.Debug|Any CPU.Build.0 = Debug|Any CPU
		{C444D192-489C-4099-842A-5FFDE8044E81}.Release|Any CPU.ActiveCfg = Release|Any CPU
		{C444D192-489C-4099-842A-5FFDE8044E81}.Release|Any CPU.Build.0 = Release|Any CPU
		{E03CD08F-2222-443A-BBE7-FF00EDE908A7}.Debug|Any CPU.ActiveCfg = Debug|Any CPU
		{E03CD08F-2222-443A-BBE7-FF00EDE908A7}.Debug|Any CPU.Build.0 = Debug|Any CPU
		{E03CD08F-2222-443A-BBE7-FF00EDE908A7}.Release|Any CPU.ActiveCfg = Release|Any CPU
		{E03CD08F-2222-443A-BBE7-FF00EDE908A7}.Release|Any CPU.Build.0 = Release|Any CPU
	EndGlobalSection
	GlobalSection(SolutionProperties) = preSolution
		HideSolutionNode = FALSE
	EndGlobalSection
EndGlobal
